// !$*UTF8*$!
{
	archiveVersion = 1;
	classes = {};
	objectVersion = 60;
	objects = {

/* Begin PBXBuildFile section */
		8FA1D97B951C951642BE37F0 /* AIModelManagerApp.swift in Sources */ = {isa = PBXBuildFile; fileRef = 9E8BB7C06684FDF49A086E09; };
		817120C6100C47388E0D6A10 /* Commands.swift in Sources */ = {isa = PBXBuildFile; fileRef = BB89E06EF084F7EEB1D594C3; };
		CC11362C08B2F62BBE703B5D /* AppContainer.swift in Sources */ = {isa = PBXBuildFile; fileRef = 1E4EFAF0B486F34498048CBE; };
		34FD1431D7E3AC8966C00F02 /* EnginePaths.swift in Sources */ = {isa = PBXBuildFile; fileRef = 0EE71F1B8DE1B97729A5A5F4; };
		6EB706F9F843BEEF0FF4B7B0 /* HuggingFaceModelScanner.swift in Sources */ = {isa = PBXBuildFile; fileRef = E4DC06457EC777D1A0892F1C; };
		A56EB002C263959CBDDBBA4C /* LMStudioModelScanner.swift in Sources */ = {isa = PBXBuildFile; fileRef = 073C0D652563311FE6A6011A; };
		3FA4CACD30ABA872AB68B109 /* MLXModelScanner.swift in Sources */ = {isa = PBXBuildFile; fileRef = 08AFCA7FD4B675CF9F357D13; };
		3FD19BE358A3E232E6CD8854 /* ModelScanner.swift in Sources */ = {isa = PBXBuildFile; fileRef = A62DCEA0B30AFD6B209844D8; };
		91723ECC8624AC10D19E0F96 /* OllamaModelScanner.swift in Sources */ = {isa = PBXBuildFile; fileRef = BADAAA84E401A8B17E0CFD5E; };
		06FDB6BB02AF49A4ADCED8F8 /* VLLMModelScanner.swift in Sources */ = {isa = PBXBuildFile; fileRef = 34041A8B2BE09C7D5D80BCAB; };
		1D1F945C40F4E5F2A3E682C6 /* AIModel.swift in Sources */ = {isa = PBXBuildFile; fileRef = 4D1D9A907DE6D459F3811137; };
		F4C3B6440AAABE6D37300203 /* AppPreferencesModel.swift in Sources */ = {isa = PBXBuildFile; fileRef = FEA7B4ACD8AE278C74A577C5; };
		16983EC8B2EC90163893AF0F /* EngineKind.swift in Sources */ = {isa = PBXBuildFile; fileRef = 2D72B8074460811C2593DCE6; };
		E5336D47A9B1B42F6F80C047 /* EngineScanConfiguration.swift in Sources */ = {isa = PBXBuildFile; fileRef = 9BF6C2C7CE60D03338401CC9; };
		DCB55EDEB6A10C4520326649 /* ModelSortOption.swift in Sources */ = {isa = PBXBuildFile; fileRef = 3D117C8262F996B2835428AF; };
		1323805286DFA10415FF639C /* ScanConfigurationModel.swift in Sources */ = {isa = PBXBuildFile; fileRef = E270E6B7971DF28E5E1E4B12; };
		FAE7708E908AAF8362BD55D6 /* LMStudioDeletionStrategy.swift in Sources */ = {isa = PBXBuildFile; fileRef = 8F74F3794746FB9744023385; };
		BBE483A7EBC0ED3B94AB9A74 /* ModelDeletionStrategy.swift in Sources */ = {isa = PBXBuildFile; fileRef = 818E02C8DFABDF82654720BD; };
		43BBAD03CB3106338539A328 /* FileSystem.swift in Sources */ = {isa = PBXBuildFile; fileRef = 17464934BFAEBACFC28BF455; };
		37D7CB02426143B9B10903D1 /* ModelMetadataExtractor.swift in Sources */ = {isa = PBXBuildFile; fileRef = 0D626FC5766015A7C949601A; };
		F80A4978E9D56A2834450525 /* ConfigurationStore.swift in Sources */ = {isa = PBXBuildFile; fileRef = B4900E5F5E140224E7FA71B3; };
		CA269CC6AB435457800D117D /* ModelInventoryStore.swift in Sources */ = {isa = PBXBuildFile; fileRef = D635E479CEDBA858078CBC2F; };
		915A88DB53ECC24D26D73657 /* PreferencesStore.swift in Sources */ = {isa = PBXBuildFile; fileRef = DD8AF77FC8AF120107668271; };
		98BF0BD3DDF636A332157FEC /* DirectoryModelScanner.swift in Sources */ = {isa = PBXBuildFile; fileRef = 37E63D0C9DBAB187D7C9C5BE; };
		C11C1A8F04BD3E585F21357D /* FileWatcherService.swift in Sources */ = {isa = PBXBuildFile; fileRef = 0EA56551F6F6B0EA39DD9C56; };
		5FC3B517F67A24327AA22441 /* ModelScannerService.swift in Sources */ = {isa = PBXBuildFile; fileRef = DCE7D64BC8B15BEEB4969DB4; };
		0218465E18162AAF765C9DC6 /* ModelStatistics.swift in Sources */ = {isa = PBXBuildFile; fileRef = 22184535B80C241E93E3B0EE; };
		473374AEDB960481979BF29E /* UsageStats.swift in Sources */ = {isa = PBXBuildFile; fileRef = E189D066EFC588984F6D392F; };
		18A2F92603A095CE172EA611 /* Formatting.swift in Sources */ = {isa = PBXBuildFile; fileRef = 295166274532C73E38FC9A0F; };
		918BCB0C57B8EA2A401E6059 /* Version.swift in Sources */ = {isa = PBXBuildFile; fileRef = B7953B0879DE304EBF451598; };
		77E147100BBD14765042B240 /* LibraryViewModel.swift in Sources */ = {isa = PBXBuildFile; fileRef = 8C83CD1A2C90C4B163DCA58D; };
		B95116DD2410DAD835FC1834 /* SettingsViewModel.swift in Sources */ = {isa = PBXBuildFile; fileRef = 076ADB3E1920467F7F1670DA; };
		21AD5932C6D6C3EC0B2E2230 /* ModelBrowserView.swift in Sources */ = {isa = PBXBuildFile; fileRef = 598F0EE64D6B5C846EF2B634; };
		3A88CBCAFAFBD82E78387260 /* DeletionPreviewView.swift in Sources */ = {isa = PBXBuildFile; fileRef = 49BC20EC0713173B1E2AB066; };
		112458EA034257F09F8C9650 /* ContentView.swift in Sources */ = {isa = PBXBuildFile; fileRef = 6E8CD4969871A8127EE8F1FD; };
		B03506216E56A4587BCE2BDB /* ModelInspectorView.swift in Sources */ = {isa = PBXBuildFile; fileRef = D8F80907916934B4FBFCC4A2; };
		90C938D71EFABD11C952195D /* SettingsView.swift in Sources */ = {isa = PBXBuildFile; fileRef = 9D85474E17BE2DD19C554DCA; };
		3C15365FBD0F8106E62A9482 /* SidebarView.swift in Sources */ = {isa = PBXBuildFile; fileRef = 2D1F2981D6EF27DA7E4B45AC; };
		EE783DB2A5E2D07F2783455E /* AIModelManagerTests.swift in Sources */ = {isa = PBXBuildFile; fileRef = 66758818ACF1E663463CE8B4; };
/* End PBXBuildFile section */

/* Begin PBXFileReference section */
		9E8BB7C06684FDF49A086E09 /* AIModelManagerApp.swift */ = {isa = PBXFileReference; lastKnownFileType = sourcecode.swift; path = "AIModelManager/App/AIModelManagerApp.swift"; sourceTree = SOURCE_ROOT; };
		BB89E06EF084F7EEB1D594C3 /* Commands.swift */ = {isa = PBXFileReference; lastKnownFileType = sourcecode.swift; path = "AIModelManager/App/Commands.swift"; sourceTree = SOURCE_ROOT; };
		1E4EFAF0B486F34498048CBE /* AppContainer.swift */ = {isa = PBXFileReference; lastKnownFileType = sourcecode.swift; path = "AIModelManager/App/Environment/AppContainer.swift"; sourceTree = SOURCE_ROOT; };
		0EE71F1B8DE1B97729A5A5F4 /* EnginePaths.swift */ = {isa = PBXFileReference; lastKnownFileType = sourcecode.swift; path = "AIModelManager/Engines/EnginePaths.swift"; sourceTree = SOURCE_ROOT; };
		E4DC06457EC777D1A0892F1C /* HuggingFaceModelScanner.swift */ = {isa = PBXFileReference; lastKnownFileType = sourcecode.swift; path = "AIModelManager/Engines/HuggingFace/HuggingFaceModelScanner.swift"; sourceTree = SOURCE_ROOT; };
		073C0D652563311FE6A6011A /* LMStudioModelScanner.swift */ = {isa = PBXFileReference; lastKnownFileType = sourcecode.swift; path = "AIModelManager/Engines/LMStudio/LMStudioModelScanner.swift"; sourceTree = SOURCE_ROOT; };
		08AFCA7FD4B675CF9F357D13 /* MLXModelScanner.swift */ = {isa = PBXFileReference; lastKnownFileType = sourcecode.swift; path = "AIModelManager/Engines/MLX/MLXModelScanner.swift"; sourceTree = SOURCE_ROOT; };
		A62DCEA0B30AFD6B209844D8 /* ModelScanner.swift */ = {isa = PBXFileReference; lastKnownFileType = sourcecode.swift; path = "AIModelManager/Engines/ModelScanner.swift"; sourceTree = SOURCE_ROOT; };
		BADAAA84E401A8B17E0CFD5E /* OllamaModelScanner.swift */ = {isa = PBXFileReference; lastKnownFileType = sourcecode.swift; path = "AIModelManager/Engines/Ollama/OllamaModelScanner.swift"; sourceTree = SOURCE_ROOT; };
		34041A8B2BE09C7D5D80BCAB /* VLLMModelScanner.swift */ = {isa = PBXFileReference; lastKnownFileType = sourcecode.swift; path = "AIModelManager/Engines/VLLM/VLLMModelScanner.swift"; sourceTree = SOURCE_ROOT; };
		4D1D9A907DE6D459F3811137 /* AIModel.swift */ = {isa = PBXFileReference; lastKnownFileType = sourcecode.swift; path = "AIModelManager/Models/AIModel.swift"; sourceTree = SOURCE_ROOT; };
		FEA7B4ACD8AE278C74A577C5 /* AppPreferencesModel.swift */ = {isa = PBXFileReference; lastKnownFileType = sourcecode.swift; path = "AIModelManager/Models/AppPreferencesModel.swift"; sourceTree = SOURCE_ROOT; };
		2D72B8074460811C2593DCE6 /* EngineKind.swift */ = {isa = PBXFileReference; lastKnownFileType = sourcecode.swift; path = "AIModelManager/Models/EngineKind.swift"; sourceTree = SOURCE_ROOT; };
		9BF6C2C7CE60D03338401CC9 /* EngineScanConfiguration.swift */ = {isa = PBXFileReference; lastKnownFileType = sourcecode.swift; path = "AIModelManager/Models/EngineScanConfiguration.swift"; sourceTree = SOURCE_ROOT; };
		3D117C8262F996B2835428AF /* ModelSortOption.swift */ = {isa = PBXFileReference; lastKnownFileType = sourcecode.swift; path = "AIModelManager/Models/ModelSortOption.swift"; sourceTree = SOURCE_ROOT; };
		E270E6B7971DF28E5E1E4B12 /* ScanConfigurationModel.swift */ = {isa = PBXFileReference; lastKnownFileType = sourcecode.swift; path = "AIModelManager/Models/ScanConfigurationModel.swift"; sourceTree = SOURCE_ROOT; };
		8F74F3794746FB9744023385 /* LMStudioDeletionStrategy.swift */ = {isa = PBXFileReference; lastKnownFileType = sourcecode.swift; path = "AIModelManager/Services/Deletion/LMStudioDeletionStrategy.swift"; sourceTree = SOURCE_ROOT; };
		818E02C8DFABDF82654720BD /* ModelDeletionStrategy.swift */ = {isa = PBXFileReference; lastKnownFileType = sourcecode.swift; path = "AIModelManager/Services/Deletion/ModelDeletionStrategy.swift"; sourceTree = SOURCE_ROOT; };
		17464934BFAEBACFC28BF455 /* FileSystem.swift */ = {isa = PBXFileReference; lastKnownFileType = sourcecode.swift; path = "AIModelManager/Services/Filesystem/FileSystem.swift"; sourceTree = SOURCE_ROOT; };
		0D626FC5766015A7C949601A /* ModelMetadataExtractor.swift */ = {isa = PBXFileReference; lastKnownFileType = sourcecode.swift; path = "AIModelManager/Services/Metadata/ModelMetadataExtractor.swift"; sourceTree = SOURCE_ROOT; };
		B4900E5F5E140224E7FA71B3 /* ConfigurationStore.swift */ = {isa = PBXFileReference; lastKnownFileType = sourcecode.swift; path = "AIModelManager/Services/Persistence/ConfigurationStore.swift"; sourceTree = SOURCE_ROOT; };
		D635E479CEDBA858078CBC2F /* ModelInventoryStore.swift */ = {isa = PBXFileReference; lastKnownFileType = sourcecode.swift; path = "AIModelManager/Services/Persistence/ModelInventoryStore.swift"; sourceTree = SOURCE_ROOT; };
		DD8AF77FC8AF120107668271 /* PreferencesStore.swift */ = {isa = PBXFileReference; lastKnownFileType = sourcecode.swift; path = "AIModelManager/Services/Persistence/PreferencesStore.swift"; sourceTree = SOURCE_ROOT; };
		37E63D0C9DBAB187D7C9C5BE /* DirectoryModelScanner.swift */ = {isa = PBXFileReference; lastKnownFileType = sourcecode.swift; path = "AIModelManager/Services/Scanner/DirectoryModelScanner.swift"; sourceTree = SOURCE_ROOT; };
		0EA56551F6F6B0EA39DD9C56 /* FileWatcherService.swift */ = {isa = PBXFileReference; lastKnownFileType = sourcecode.swift; path = "AIModelManager/Services/Scanner/FileWatcherService.swift"; sourceTree = SOURCE_ROOT; };
		DCE7D64BC8B15BEEB4969DB4 /* ModelScannerService.swift */ = {isa = PBXFileReference; lastKnownFileType = sourcecode.swift; path = "AIModelManager/Services/Scanner/ModelScannerService.swift"; sourceTree = SOURCE_ROOT; };
		22184535B80C241E93E3B0EE /* ModelStatistics.swift */ = {isa = PBXFileReference; lastKnownFileType = sourcecode.swift; path = "AIModelManager/Statistics/ModelStatistics.swift"; sourceTree = SOURCE_ROOT; };
		E189D066EFC588984F6D392F /* UsageStats.swift */ = {isa = PBXFileReference; lastKnownFileType = sourcecode.swift; path = "AIModelManager/Statistics/UsageStats.swift"; sourceTree = SOURCE_ROOT; };
		295166274532C73E38FC9A0F /* Formatting.swift */ = {isa = PBXFileReference; lastKnownFileType = sourcecode.swift; path = "AIModelManager/Utilities/Formatting.swift"; sourceTree = SOURCE_ROOT; };
		B7953B0879DE304EBF451598 /* Version.swift */ = {isa = PBXFileReference; lastKnownFileType = sourcecode.swift; path = "AIModelManager/Utilities/Version.swift"; sourceTree = SOURCE_ROOT; };
		8C83CD1A2C90C4B163DCA58D /* LibraryViewModel.swift */ = {isa = PBXFileReference; lastKnownFileType = sourcecode.swift; path = "AIModelManager/ViewModels/LibraryViewModel.swift"; sourceTree = SOURCE_ROOT; };
		076ADB3E1920467F7F1670DA /* SettingsViewModel.swift */ = {isa = PBXFileReference; lastKnownFileType = sourcecode.swift; path = "AIModelManager/ViewModels/SettingsViewModel.swift"; sourceTree = SOURCE_ROOT; };
		598F0EE64D6B5C846EF2B634 /* ModelBrowserView.swift */ = {isa = PBXFileReference; lastKnownFileType = sourcecode.swift; path = "AIModelManager/Views/Browser/ModelBrowserView.swift"; sourceTree = SOURCE_ROOT; };
		49BC20EC0713173B1E2AB066 /* DeletionPreviewView.swift */ = {isa = PBXFileReference; lastKnownFileType = sourcecode.swift; path = "AIModelManager/Views/Components/DeletionPreviewView.swift"; sourceTree = SOURCE_ROOT; };
		6E8CD4969871A8127EE8F1FD /* ContentView.swift */ = {isa = PBXFileReference; lastKnownFileType = sourcecode.swift; path = "AIModelManager/Views/ContentView.swift"; sourceTree = SOURCE_ROOT; };
		D8F80907916934B4FBFCC4A2 /* ModelInspectorView.swift */ = {isa = PBXFileReference; lastKnownFileType = sourcecode.swift; path = "AIModelManager/Views/Inspector/ModelInspectorView.swift"; sourceTree = SOURCE_ROOT; };
		9D85474E17BE2DD19C554DCA /* SettingsView.swift */ = {isa = PBXFileReference; lastKnownFileType = sourcecode.swift; path = "AIModelManager/Views/Settings/SettingsView.swift"; sourceTree = SOURCE_ROOT; };
		2D1F2981D6EF27DA7E4B45AC /* SidebarView.swift */ = {isa = PBXFileReference; lastKnownFileType = sourcecode.swift; path = "AIModelManager/Views/Sidebar/SidebarView.swift"; sourceTree = SOURCE_ROOT; };
		66758818ACF1E663463CE8B4 /* AIModelManagerTests.swift */ = {isa = PBXFileReference; lastKnownFileType = sourcecode.swift; path = "AIModelManager/Tests/AIModelManagerTests/AIModelManagerTests.swift"; sourceTree = SOURCE_ROOT; };
		2544E5B1E7659A7BA6F06444 /* AI Model Manager.app */ = {isa = PBXFileReference; explicitFileType = wrapper.application; includeInIndex = 0; path = "AI Model Manager.app"; sourceTree = BUILT_PRODUCTS_DIR; };
		C6E00448A5E859F42479112D /* AIModelManagerTests.xctest */ = {isa = PBXFileReference; explicitFileType = wrapper.cfbundle; includeInIndex = 0; path = AIModelManagerTests.xctest; sourceTree = BUILT_PRODUCTS_DIR; };
/* End PBXFileReference section */

/* Begin PBXGroup section */
		AF94AE8C979A7DD302DBBA9A = {
			isa = PBXGroup;
			children = (
				9E8BB7C06684FDF49A086E09 /* AIModelManagerApp.swift */,
				BB89E06EF084F7EEB1D594C3 /* Commands.swift */,
				1E4EFAF0B486F34498048CBE /* AppContainer.swift */,
				0EE71F1B8DE1B97729A5A5F4 /* EnginePaths.swift */,
				E4DC06457EC777D1A0892F1C /* HuggingFaceModelScanner.swift */,
				073C0D652563311FE6A6011A /* LMStudioModelScanner.swift */,
				08AFCA7FD4B675CF9F357D13 /* MLXModelScanner.swift */,
				A62DCEA0B30AFD6B209844D8 /* ModelScanner.swift */,
				BADAAA84E401A8B17E0CFD5E /* OllamaModelScanner.swift */,
				34041A8B2BE09C7D5D80BCAB /* VLLMModelScanner.swift */,
				4D1D9A907DE6D459F3811137 /* AIModel.swift */,
				FEA7B4ACD8AE278C74A577C5 /* AppPreferencesModel.swift */,
				2D72B8074460811C2593DCE6 /* EngineKind.swift */,
				9BF6C2C7CE60D03338401CC9 /* EngineScanConfiguration.swift */,
				3D117C8262F996B2835428AF /* ModelSortOption.swift */,
				E270E6B7971DF28E5E1E4B12 /* ScanConfigurationModel.swift */,
				8F74F3794746FB9744023385 /* LMStudioDeletionStrategy.swift */,
				818E02C8DFABDF82654720BD /* ModelDeletionStrategy.swift */,
				17464934BFAEBACFC28BF455 /* FileSystem.swift */,
				0D626FC5766015A7C949601A /* ModelMetadataExtractor.swift */,
				B4900E5F5E140224E7FA71B3 /* ConfigurationStore.swift */,
				D635E479CEDBA858078CBC2F /* ModelInventoryStore.swift */,
				DD8AF77FC8AF120107668271 /* PreferencesStore.swift */,
				37E63D0C9DBAB187D7C9C5BE /* DirectoryModelScanner.swift */,
				0EA56551F6F6B0EA39DD9C56 /* FileWatcherService.swift */,
				DCE7D64BC8B15BEEB4969DB4 /* ModelScannerService.swift */,
				22184535B80C241E93E3B0EE /* ModelStatistics.swift */,
				E189D066EFC588984F6D392F /* UsageStats.swift */,
				295166274532C73E38FC9A0F /* Formatting.swift */,
				B7953B0879DE304EBF451598 /* Version.swift */,
				8C83CD1A2C90C4B163DCA58D /* LibraryViewModel.swift */,
				076ADB3E1920467F7F1670DA /* SettingsViewModel.swift */,
				598F0EE64D6B5C846EF2B634 /* ModelBrowserView.swift */,
				49BC20EC0713173B1E2AB066 /* DeletionPreviewView.swift */,
				6E8CD4969871A8127EE8F1FD /* ContentView.swift */,
				D8F80907916934B4FBFCC4A2 /* ModelInspectorView.swift */,
				9D85474E17BE2DD19C554DCA /* SettingsView.swift */,
				2D1F2981D6EF27DA7E4B45AC /* SidebarView.swift */,
				66758818ACF1E663463CE8B4 /* AIModelManagerTests.swift */,
				8C022948E07887E31192ABBE /* Products */,
			);
			path = "";
			sourceTree = SOURCE_ROOT;
		};
		8C022948E07887E31192ABBE = {
			isa = PBXGroup;
			children = (
				2544E5B1E7659A7BA6F06444 /* AI Model Manager.app */,
				C6E00448A5E859F42479112D /* AIModelManagerTests.xctest */,
			);
			name = Products;
			sourceTree = BUILT_PRODUCTS_DIR;
		};
/* End PBXGroup section */

/* Begin PBXNativeTarget section */
		730950AD798A77AD508AA9E2 /* AIModelManagerApp */ = {
			isa = PBXNativeTarget;
			buildConfigurationList = 524731B212CDF7D43E6359F5;
			buildPhases = (
				21EA22531D07CFB94E0E0E52,
				20307C7862C63A53C3D9C2BF,
				02836E84A2C70712BB9AC6BA,
			);
			buildRules = ();
			dependencies = ();
			name = "AIModelManagerApp";
			productName = "AIModelManagerApp";
			productReference = 2544E5B1E7659A7BA6F06444;
			productType = "com.apple.product-type.application";
		};
		208C54D1C19CFF7994A925A1 /* AIModelManagerTests */ = {
			isa = PBXNativeTarget;
			buildConfigurationList = 85002E79B145767BE805B85F;
			buildPhases = (
				1063F6DBE95CE9A1601B3915,
				0D94EBA4EB12BD3B840A16F7,
			);
			buildRules = ();
			dependencies = (948D90978E3E9713CED5C5B0);
			name = "AIModelManagerTests";
			productName = "AIModelManagerTests";
			productReference = C6E00448A5E859F42479112D;
			productType = "com.apple.product-type.bundle.unit-test";
		};
/* End PBXNativeTarget section */

/* Begin PBXProject section */
		DD7512F5E0289CDDCE66B0F8 = {
			isa = PBXProject;
			buildConfigurationList = B9EACD5B950CEA3A53B1A8E9;
			compatibilityVersion = "Xcode 16.0";
			developmentRegion = "en";
			hasScannedForEncodings = 0;
			knownRegions = ("en", "Base");
			mainGroup = AF94AE8C979A7DD302DBBA9A;
			productRefGroup = 8C022948E07887E31192ABBE;
			projectDirPath = "";
			projectRoot = "";
			targets = (
				730950AD798A77AD508AA9E2,
				208C54D1C19CFF7994A925A1,
			);
		};
/* End PBXProject section */

/* Begin PBXSourcesBuildPhase section */
		21EA22531D07CFB94E0E0E52 = {
			isa = PBXSourcesBuildPhase;
			buildActionMask = 2147483647;
			files = (
				8FA1D97B951C951642BE37F0 /* AIModelManagerApp.swift in Sources */,
				817120C6100C47388E0D6A10 /* Commands.swift in Sources */,
				CC11362C08B2F62BBE703B5D /* AppContainer.swift in Sources */,
				34FD1431D7E3AC8966C00F02 /* EnginePaths.swift in Sources */,
				6EB706F9F843BEEF0FF4B7B0 /* HuggingFaceModelScanner.swift in Sources */,
				A56EB002C263959CBDDBBA4C /* LMStudioModelScanner.swift in Sources */,
				3FA4CACD30ABA872AB68B109 /* MLXModelScanner.swift in Sources */,
				3FD19BE358A3E232E6CD8854 /* ModelScanner.swift in Sources */,
				91723ECC8624AC10D19E0F96 /* OllamaModelScanner.swift in Sources */,
				06FDB6BB02AF49A4ADCED8F8 /* VLLMModelScanner.swift in Sources */,
				1D1F945C40F4E5F2A3E682C6 /* AIModel.swift in Sources */,
				F4C3B6440AAABE6D37300203 /* AppPreferencesModel.swift in Sources */,
				16983EC8B2EC90163893AF0F /* EngineKind.swift in Sources */,
				E5336D47A9B1B42F6F80C047 /* EngineScanConfiguration.swift in Sources */,
				DCB55EDEB6A10C4520326649 /* ModelSortOption.swift in Sources */,
				1323805286DFA10415FF639C /* ScanConfigurationModel.swift in Sources */,
				FAE7708E908AAF8362BD55D6 /* LMStudioDeletionStrategy.swift in Sources */,
				BBE483A7EBC0ED3B94AB9A74 /* ModelDeletionStrategy.swift in Sources */,
				43BBAD03CB3106338539A328 /* FileSystem.swift in Sources */,
				37D7CB02426143B9B10903D1 /* ModelMetadataExtractor.swift in Sources */,
				F80A4978E9D56A2834450525 /* ConfigurationStore.swift in Sources */,
				CA269CC6AB435457800D117D /* ModelInventoryStore.swift in Sources */,
				915A88DB53ECC24D26D73657 /* PreferencesStore.swift in Sources */,
				98BF0BD3DDF636A332157FEC /* DirectoryModelScanner.swift in Sources */,
				C11C1A8F04BD3E585F21357D /* FileWatcherService.swift in Sources */,
				5FC3B517F67A24327AA22441 /* ModelScannerService.swift in Sources */,
				0218465E18162AAF765C9DC6 /* ModelStatistics.swift in Sources */,
				473374AEDB960481979BF29E /* UsageStats.swift in Sources */,
				18A2F92603A095CE172EA611 /* Formatting.swift in Sources */,
				918BCB0C57B8EA2A401E6059 /* Version.swift in Sources */,
				77E147100BBD14765042B240 /* LibraryViewModel.swift in Sources */,
				B95116DD2410DAD835FC1834 /* SettingsViewModel.swift in Sources */,
				21AD5932C6D6C3EC0B2E2230 /* ModelBrowserView.swift in Sources */,
				3A88CBCAFAFBD82E78387260 /* DeletionPreviewView.swift in Sources */,
				112458EA034257F09F8C9650 /* ContentView.swift in Sources */,
				B03506216E56A4587BCE2BDB /* ModelInspectorView.swift in Sources */,
				90C938D71EFABD11C952195D /* SettingsView.swift in Sources */,
				3C15365FBD0F8106E62A9482 /* SidebarView.swift in Sources */,
			);
			runOnlyForDeploymentPostprocessing = 0;
		};
		20307C7862C63A53C3D9C2BF = {
			isa = PBXFrameworksBuildPhase;
			buildActionMask = 2147483647;
			files = ();
			runOnlyForDeploymentPostprocessing = 0;
		};
		02836E84A2C70712BB9AC6BA = {
			isa = PBXResourcesBuildPhase;
			buildActionMask = 2147483647;
			files = ();
			runOnlyForDeploymentPostprocessing = 0;
		};
		1063F6DBE95CE9A1601B3915 = {
			isa = PBXSourcesBuildPhase;
			buildActionMask = 2147483647;
			files = (
				EE783DB2A5E2D07F2783455E /* AIModelManagerTests.swift in Sources */,
			);
			runOnlyForDeploymentPostprocessing = 0;
		};
		0D94EBA4EB12BD3B840A16F7 = {
			isa = PBXFrameworksBuildPhase;
			buildActionMask = 2147483647;
			files = ();
			runOnlyForDeploymentPostprocessing = 0;
		};

/* Begin PBXTargetDependency section */
		948D90978E3E9713CED5C5B0 /* PBXTargetDependency */ = {
			isa = PBXTargetDependency;
			target = 730950AD798A77AD508AA9E2;
		};
/* End PBXTargetDependency section */
/* End PBXSourcesBuildPhase section */

/* Begin XCBuildConfiguration section */
		6ED5143055921B79590492BA = {
			isa = XCBuildConfiguration;
			buildSettings = {
				ALWAYS_SEARCH_USER_PATHS = NO;
				CLANG_ANALYZER_NONNULL = YES;
				CLANG_CXX_LANGUAGE_STANDARD = "gnu++20";
				CLANG_ENABLE_MODULES = YES;
				CLANG_ENABLE_OBJC_ARC = YES;
				COPY_PHASE_STRIP = NO;
				DEBUG_INFORMATION_FORMAT = dwarf;
				ENABLE_STRICT_OBJC_MSGSEND = YES;
				ENABLE_TESTABILITY = YES;
				GCC_DYNAMIC_NO_PIC = NO;
				GCC_OPTIMIZATION_LEVEL = 0;
				GCC_PREPROCESSOR_DEFINITIONS = ("DEBUG=1", "$(inherited)");
				INFOPLIST_FILE = "AIModelManager/Resources/Info.plist";
				MACOSX_DEPLOYMENT_TARGET = 14.0;
				MTL_ENABLE_DEBUG_INFO = INCLUDE_SOURCE;
				ONLY_ACTIVE_ARCH = YES;
				PRODUCT_BUNDLE_IDENTIFIER = "com.marcos.my-ai-models";
				PRODUCT_NAME = "AI Model Manager";
				SDKROOT = macosx;
				SWIFT_ACTIVE_COMPILATION_CONDITIONS = "$(inherited) DEBUG";
				SWIFT_OPTIMIZATION_LEVEL = "-Onone";
				SWIFT_STRICT_CONCURRENCY = complete;
				SWIFT_VERSION = 5.0;
				TARGETED_DEVICE_FAMILY = "3";
			};
			name = Debug;
		};
		EA4ECDA4CD3842178C65D17D = {
			isa = XCBuildConfiguration;
			buildSettings = {
				ALWAYS_SEARCH_USER_PATHS = NO;
				CLANG_ANALYZER_NONNULL = YES;
				CLANG_CXX_LANGUAGE_STANDARD = "gnu++20";
				CLANG_ENABLE_MODULES = YES;
				CLANG_ENABLE_OBJC_ARC = YES;
				COPY_PHASE_STRIP = NO;
				DEBUG_INFORMATION_FORMAT = "dwarf-with-dsym";
				ENABLE_NS_ASSERTIONS = NO;
				ENABLE_STRICT_OBJC_MSGSEND = YES;
				GCC_OPTIMIZATION_LEVEL = s;
				INFOPLIST_FILE = "AIModelManager/Resources/Info.plist";
				MACOSX_DEPLOYMENT_TARGET = 14.0;
				MTL_ENABLE_DEBUG_INFO = NO;
				PRODUCT_BUNDLE_IDENTIFIER = "com.marcos.my-ai-models";
				PRODUCT_NAME = "AI Model Manager";
				SDKROOT = macosx;
				SWIFT_COMPILATION_MODE = wholemodule;
				SWIFT_OPTIMIZATION_LEVEL = "-O";
				SWIFT_STRICT_CONCURRENCY = complete;
				SWIFT_VERSION = 5.0;
				TARGETED_DEVICE_FAMILY = "3";
			};
			name = Release;
		};
		C9CE2D62F6E3692F465E77ED = {
			isa = XCBuildConfiguration;
			buildSettings = {
				BUNDLE_LOADER = "$(TEST_HOST)";
				CLANG_ENABLE_MODULES = YES;
				GENERATE_INFOPLIST_FILE = YES;
				MACOSX_DEPLOYMENT_TARGET = 14.0;
				PRODUCT_BUNDLE_IDENTIFIER = "com.marcos.my-ai-models.tests";
				PRODUCT_NAME = "AIModelManagerTests";
				SDKROOT = macosx;
				SWIFT_VERSION = 5.0;
				TARGETED_DEVICE_FAMILY = "3";
				TEST_HOST = "$(BUILT_PRODUCTS_DIR)/AI Model Manager.app/Contents/MacOS/AI Model Manager";
			};
			name = Debug;
		};
		846946D2E78637AAA0DB9CBE = {
			isa = XCBuildConfiguration;
			buildSettings = {
				BUNDLE_LOADER = "$(TEST_HOST)";
				CLANG_ENABLE_MODULES = YES;
				GENERATE_INFOPLIST_FILE = YES;
				MACOSX_DEPLOYMENT_TARGET = 14.0;
				PRODUCT_BUNDLE_IDENTIFIER = "com.marcos.my-ai-models.tests";
				PRODUCT_NAME = "AIModelManagerTests";
				SDKROOT = macosx;
				SWIFT_VERSION = 5.0;
				TARGETED_DEVICE_FAMILY = "3";
				TEST_HOST = "$(BUILT_PRODUCTS_DIR)/AI Model Manager.app/Contents/MacOS/AI Model Manager";
			};
			name = Release;
		};
/* End XCBuildConfiguration section */

/* Begin XCConfigurationList section */
		B9EACD5B950CEA3A53B1A8E9 = {
			isa = XCConfigurationList;
			buildConfigurations = (
				6ED5143055921B79590492BA,
				EA4ECDA4CD3842178C65D17D,
			);
			defaultConfigurationIsVisible = 0;
			defaultConfigurationName = Release;
		};
		524731B212CDF7D43E6359F5 = {
			isa = XCConfigurationList;
			buildConfigurations = (
				6ED5143055921B79590492BA,
				EA4ECDA4CD3842178C65D17D,
			);
			defaultConfigurationIsVisible = 0;
			defaultConfigurationName = Release;
		};
		85002E79B145767BE805B85F = {
			isa = XCConfigurationList;
			buildConfigurations = (
				C9CE2D62F6E3692F465E77ED,
				846946D2E78637AAA0DB9CBE,
			);
			defaultConfigurationIsVisible = 0;
			defaultConfigurationName = Release;
		};
/* End XCConfigurationList section */
	};
	rootObject = DD7512F5E0289CDDCE66B0F8;
}